
Microsoft Visual Studio Solution File, Format Version 12.00
# Visual Studio Version 17
VisualStudioVersion = 17.12.35707.178
MinimumVisualStudioVersion = 10.0.40219.1
Project("{FAE04EC0-301F-11D3-BF4B-00C04F79EFBC}") = "MediaOrcestrator.Core", "MediaOrcestrator.Core\MediaOrcestrator.Core.csproj", "{0C4310DB-D6F7-415A-980E-DD2CC456E754}"
EndProject
Project("{FAE04EC0-301F-11D3-BF4B-00C04F79EFBC}") = "MediaOrcestrator.Core.Tests", "MediaOrcestrator.Core.Tests\MediaOrcestrator.Core.Tests.csproj", "{CBC29A9A-C959-4C96-9825-DFDF86795095}"
EndProject
Project("{2150E333-8FDC-42A3-9474-1A3956D46DE8}") = "Other", "Other", "{BD721EFF-BD4E-4806-97EF-CEBA69870CB2}"
EndProject
Project("{FAE04EC0-301F-11D3-BF4B-00C04F79EFBC}") = "YoutubeExplode", "Other\YoutubeExplode-master\YoutubeExplode\YoutubeExplode.csproj", "{587551F0-2DD0-491A-BA7E-5AF5F06797A7}"
EndProject
Project("{2150E333-8FDC-42A3-9474-1A3956D46DE8}") = "Modules", "Modules", "{D0C87031-8A91-4DB6-B2FE-F53372E6553E}"
EndProject
Project("{FAE04EC0-301F-11D3-BF4B-00C04F79EFBC}") = "MediaOrcestrator.Modules", "MediaOrcestrator.Modules\MediaOrcestrator.Modules.csproj", "{193C6BAD-5603-4D4D-B160-65F64EA390E3}"
EndProject
Project("{FAE04EC0-301F-11D3-BF4B-00C04F79EFBC}") = "MediaOrcestrator.Rutube", "MediaOrcestrator.Rutube\MediaOrcestrator.Rutube.csproj", "{10461A42-52FA-468A-BBAE-77DB40820051}"
EndProject
Project("{FAE04EC0-301F-11D3-BF4B-00C04F79EFBC}") = "MediaOrcestrator.Youtube", "MediaOrcestrator.Youtube\MediaOrcestrator.Youtube.csproj", "{7BE000EA-B3B1-4F77-9D48-4904F5BFBAF6}"
EndProject
Global
	GlobalSection(SolutionConfigurationPlatforms) = preSolution
		Debug|Any CPU = Debug|Any CPU
		Release|Any CPU = Release|Any CPU
	EndGlobalSection
	GlobalSection(ProjectConfigurationPlatforms) = postSolution
		{0C4310DB-D6F7-415A-980E-DD2CC456E754}.Debug|Any CPU.ActiveCfg = Debug|Any CPU
		{0C4310DB-D6F7-415A-980E-DD2CC456E754}.Debug|Any CPU.Build.0 = Debug|Any CPU
		{0C4310DB-D6F7-415A-980E-DD2CC456E754}.Release|Any CPU.ActiveCfg = Release|Any CPU
		{0C4310DB-D6F7-415A-980E-DD2CC456E754}.Release|Any CPU.Build.0 = Release|Any CPU
		{CBC29A9A-C959-4C96-9825-DFDF86795095}.Debug|Any CPU.ActiveCfg = Debug|Any CPU
		{CBC29A9A-C959-4C96-9825-DFDF86795095}.Debug|Any CPU.Build.0 = Debug|Any CPU
		{CBC29A9A-C959-4C96-9825-DFDF86795095}.Release|Any CPU.ActiveCfg = Release|Any CPU
		{CBC29A9A-C959-4C96-9825-DFDF86795095}.Release|Any CPU.Build.0 = Release|Any CPU
		{587551F0-2DD0-491A-BA7E-5AF5F06797A7}.Debug|Any CPU.ActiveCfg = Debug|Any CPU
		{587551F0-2DD0-491A-BA7E-5AF5F06797A7}.Debug|Any CPU.Build.0 = Debug|Any CPU
		{587551F0-2DD0-491A-BA7E-5AF5F06797A7}.Release|Any CPU.ActiveCfg = Release|Any CPU
		{587551F0-2DD0-491A-BA7E-5AF5F06797A7}.Release|Any CPU.Build.0 = Release|Any CPU
		{193C6BAD-5603-4D4D-B160-65F64EA390E3}.Debug|Any CPU.ActiveCfg = Debug|Any CPU
		{193C6BAD-5603-4D4D-B160-65F64EA390E3}.Debug|Any CPU.Build.0 = Debug|Any CPU
		{193C6BAD-5603-4D4D-B160-65F64EA390E3}.Release|Any CPU.ActiveCfg = Release|Any CPU
		{193C6BAD-5603-4D4D-B160-65F64EA390E3}.Release|Any CPU.Build.0 = Release|Any CPU
		{10461A42-52FA-468A-BBAE-77DB40820051}.Debug|Any CPU.ActiveCfg = Debug|Any CPU
		{10461A42-52FA-468A-BBAE-77DB40820051}.Debug|Any CPU.Build.0 = Debug|Any CPU
		{10461A42-52FA-468A-BBAE-77DB40820051}.Release|Any CPU.ActiveCfg = Release|Any CPU
		{10461A42-52FA-468A-BBAE-77DB40820051}.Release|Any CPU.Build.0 = Release|Any CPU
		{7BE000EA-B3B1-4F77-9D48-4904F5BFBAF6}.Debug|Any CPU.ActiveCfg = Debug|Any CPU
		{7BE000EA-B3B1-4F77-9D48-4904F5BFBAF6}.Debug|Any CPU.Build.0 = Debug|Any CPU
		{7BE000EA-B3B1-4F77-9D48-4904F5BFBAF6}.Release|Any CPU.ActiveCfg = Release|Any CPU
		{7BE000EA-B3B1-4F77-9D48-4904F5BFBAF6}.Release|Any CPU.Build.0 = Release|Any CPU
	EndGlobalSection
	GlobalSection(SolutionProperties) = preSolution
		HideSolutionNode = FALSE
	EndGlobalSection
	GlobalSection(NestedProjects) = preSolution
		{587551F0-2DD0-491A-BA7E-5AF5F06797A7} = {BD721EFF-BD4E-4806-97EF-CEBA69870CB2}
		{10461A42-52FA-468A-BBAE-77DB40820051} = {D0C87031-8A91-4DB6-B2FE-F53372E6553E}
		{7BE000EA-B3B1-4F77-9D48-4904F5BFBAF6} = {D0C87031-8A91-4DB6-B2FE-F53372E6553E}
	EndGlobalSection
EndGlobal
