
Microsoft Visual Studio Solution File, Format Version 12.00
# Visual Studio Version 17
VisualStudioVersion = 17.12.35707.178 d17.12
MinimumVisualStudioVersion = 10.0.40219.1
Project("{FAE04EC0-301F-11D3-BF4B-00C04F79EFBC}") = "Trash20260311", "Trash20260311\Trash20260311.csproj", "{7FCF292D-8C16-4737-B1F9-ABAEB77AD95F}"
EndProject
Global
	GlobalSection(SolutionConfigurationPlatforms) = preSolution
		Debug|Any CPU = Debug|Any CPU
		Release|Any CPU = Release|Any CPU
	EndGlobalSection
	GlobalSection(ProjectConfigurationPlatforms) = postSolution
		{7FCF292D-8C16-4737-B1F9-ABAEB77AD95F}.Debug|Any CPU.ActiveCfg = Debug|Any CPU
		{7FCF292D-8C16-4737-B1F9-ABAEB77AD95F}.Debug|Any CPU.Build.0 = Debug|Any CPU
		{7FCF292D-8C16-4737-B1F9-ABAEB77AD95F}.Release|Any CPU.ActiveCfg = Release|Any CPU
		{7FCF292D-8C16-4737-B1F9-ABAEB77AD95F}.Release|Any CPU.Build.0 = Release|Any CPU
	EndGlobalSection
	GlobalSection(SolutionProperties) = preSolution
		HideSolutionNode = FALSE
	EndGlobalSection
EndGlobal
